
Microsoft Visual Studio Solution File, Format Version 11.00
# Visual Studio 2010
Project("{002A2DE9-8BB6-484D-9802-7E4AD4084715}") = "vibrant", "vibrant.visualdproj", "{F4072FC9-B7F7-4211-9EE9-C02181932830}"
EndProject
Global
	GlobalSection(SolutionConfigurationPlatforms) = preSolution
		Debug|Win32 = Debug|Win32
		Release|Win32 = Release|Win32
	EndGlobalSection
	GlobalSection(ProjectConfigurationPlatforms) = postSolution
		{F4072FC9-B7F7-4211-9EE9-C02181932830}.Debug|Win32.ActiveCfg = Debug|Win32
		{F4072FC9-B7F7-4211-9EE9-C02181932830}.Debug|Win32.Build.0 = Debug|Win32
		{F4072FC9-B7F7-4211-9EE9-C02181932830}.Release|Win32.ActiveCfg = Release|Win32
		{F4072FC9-B7F7-4211-9EE9-C02181932830}.Release|Win32.Build.0 = Release|Win32
	EndGlobalSection
	GlobalSection(SolutionProperties) = preSolution
		HideSolutionNode = FALSE
	EndGlobalSection
EndGlobal
